# This file was autogenerated by Stack.
# You should not edit this file by hand.
# For more information, please see the documentation at:
#   https://docs.haskellstack.org/en/stable/lock_files

packages:
- completed:
    hackage: Rasterific-0.7.5.2@sha256:95f2e3a1a10ca50c440afe57c41865607d3d4abe8770dd79fd009a866d5ebe73,6008
    pantry-tree:
      size: 7098
      sha256: 8bbf12edf269cf17a36201a651e925c25ed9f3f35369d4efd56c695c84dcd028
  original:
    hackage: Rasterific-0.7.5.2
- completed:
    hackage: sdl2-2.5.2.0@sha256:917ddb3c8421e8e6f9caaa4b143d485e797c9053de9fabee4ac87c873cffeb01,11303
    pantry-tree:
      size: 6571
      sha256: 751a3d9763f74d6b5e7c956bd8a25e20f7443bce69d0c7dda0421d89616e3b2a
  original:
    hackage: sdl2-2.5.2.0
snapshots:
- completed:
    size: 496120
    url: https://raw.githubusercontent.com/commercialhaskell/stackage-snapshots/master/lts/15/16.yaml
    sha256: cf30623a2c147f51eecc8f9d6440f5d1b671af21380505e633faff32b565f3d5
  original: lts-15.16
